[[package]]
category = "main"
description = "converts and manipulates various color representation (HSL, RVB, web, X11, ...)"
name = "colour"
optional = false
python-versions = "*"
version = "0.1.5"

[package.extras]
test = ["nose"]

[[package]]
category = "main"
description = "A backport of the dataclasses module for Python 3.6"
name = "dataclasses"
optional = false
python-versions = "*"
version = "0.6"

[[package]]
category = "main"
description = "Git Object Database"
name = "gitdb"
optional = false
python-versions = ">=3.4"
version = "4.0.5"

[package.dependencies]
smmap = ">=3.0.1,<4"

[[package]]
category = "main"
description = "Python Git Library"
name = "gitpython"
optional = false
python-versions = ">=3.4"
version = "3.1.8"

[package.dependencies]
gitdb = ">=4.0.1,<5"

[[package]]
category = "main"
description = "A pure Python implementation of a sliding window memory map manager"
name = "smmap"
optional = false
python-versions = ">=2.7, !=3.0.*, !=3.1.*, !=3.2.*, !=3.3.*"
version = "3.0.4"

[[package]]
category = "main"
description = "A Python library to create SVG drawings."
name = "svgwrite"
optional = false
python-versions = ">=3.6"
version = "1.4"

[metadata]
content-hash = "d77817d2516530febd1534758143b3dd90f6e2aa517c6b7114f9dabfa2ccda25"
python-versions = "^3.6"

[metadata.files]
colour = [
    {file = "colour-0.1.5-py2.py3-none-any.whl", hash = "sha256:33f6db9d564fadc16e59921a56999b79571160ce09916303d35346dddc17978c"},
    {file = "colour-0.1.5.tar.gz", hash = "sha256:af20120fefd2afede8b001fbef2ea9da70ad7d49fafdb6489025dae8745c3aee"},
]
dataclasses = [
    {file = "dataclasses-0.6-py3-none-any.whl", hash = "sha256:454a69d788c7fda44efd71e259be79577822f5e3f53f029a22d08004e951dc9f"},
    {file = "dataclasses-0.6.tar.gz", hash = "sha256:6988bd2b895eef432d562370bb707d540f32f7360ab13da45340101bc2307d84"},
]
gitdb = [
    {file = "gitdb-4.0.5-py3-none-any.whl", hash = "sha256:91f36bfb1ab7949b3b40e23736db18231bf7593edada2ba5c3a174a7b23657ac"},
    {file = "gitdb-4.0.5.tar.gz", hash = "sha256:c9e1f2d0db7ddb9a704c2a0217be31214e91a4fe1dea1efad19ae42ba0c285c9"},
]
gitpython = [
    {file = "GitPython-3.1.8-py3-none-any.whl", hash = "sha256:1858f4fd089abe92ae465f01d5aaaf55e937eca565fb2c1fce35a51b5f85c910"},
    {file = "GitPython-3.1.8.tar.gz", hash = "sha256:080bf8e2cf1a2b907634761c2eaefbe83b69930c94c66ad11b65a8252959f912"},
]
smmap = [
    {file = "smmap-3.0.4-py2.py3-none-any.whl", hash = "sha256:54c44c197c819d5ef1991799a7e30b662d1e520f2ac75c9efbeb54a742214cf4"},
    {file = "smmap-3.0.4.tar.gz", hash = "sha256:9c98bbd1f9786d22f14b3d4126894d56befb835ec90cef151af566c7e19b5d24"},
]
svgwrite = [
    {file = "svgwrite-1.4-py3-none-any.whl", hash = "sha256:fa842fb3129a9399d19b5e9602a022fcc7f2f3f24713550e765c488ffafd743d"},
    {file = "svgwrite-1.4.zip", hash = "sha256:b38ac03b67f81c728d81a33e4711aaf3ab136a57156d721bb17f88525d9909bb"},
]
